// !$*UTF8*$!
{
	archiveVersion = 1;
	classes = {
	};
	objectVersion = 46;
	objects = {

/* Begin PBXBuildFile section */
		16470A551DC35B8E00EF0E77 /* ColorControlsFilter.swift in Sources */ = {isa = PBXBuildFile; fileRef = 16470A541DC35B8E00EF0E77 /* ColorControlsFilter.swift */; };
		16470A6A1DC364C200EF0E77 /* Eltaso.framework in Frameworks */ = {isa = PBXBuildFile; fileRef = 16470A671DC364BC00EF0E77 /* Eltaso.framework */; };
		16470A6C1DC6EA5400EF0E77 /* MultiplyCompositingFilter.swift in Sources */ = {isa = PBXBuildFile; fileRef = 16470A6B1DC6EA5400EF0E77 /* MultiplyCompositingFilter.swift */; };
		16470A721DC6EEAC00EF0E77 /* MaskedBlurFilter.swift in Sources */ = {isa = PBXBuildFile; fileRef = 16470A711DC6EEAC00EF0E77 /* MaskedBlurFilter.swift */; };
		16470A761DC6F70700EF0E77 /* CIColor.swift in Sources */ = {isa = PBXBuildFile; fileRef = 16470A751DC6F70700EF0E77 /* CIColor.swift */; };
		166882631DC353EA00C67F0C /* LinearDodgeBlendFilter.swift in Sources */ = {isa = PBXBuildFile; fileRef = 166882621DC353EA00C67F0C /* LinearDodgeBlendFilter.swift */; };
		166882691DC3549B00C67F0C /* CIImage.swift in Sources */ = {isa = PBXBuildFile; fileRef = 166882681DC3549B00C67F0C /* CIImage.swift */; };
		166F76131DC1C6DE007BD9B7 /* Usami.framework in Frameworks */ = {isa = PBXBuildFile; fileRef = 166F76091DC1C6DE007BD9B7 /* Usami.framework */; };
		166F76181DC1C6DE007BD9B7 /* UsamiTests.swift in Sources */ = {isa = PBXBuildFile; fileRef = 166F76171DC1C6DE007BD9B7 /* UsamiTests.swift */; };
		166F761A1DC1C6DE007BD9B7 /* Usami.h in Headers */ = {isa = PBXBuildFile; fileRef = 166F760C1DC1C6DE007BD9B7 /* Usami.h */; settings = {ATTRIBUTES = (Public, ); }; };
		166F76781DC1CD50007BD9B7 /* CIFilter.swift in Sources */ = {isa = PBXBuildFile; fileRef = 166F76771DC1CD50007BD9B7 /* CIFilter.swift */; };
		166F767A1DC1CD7A007BD9B7 /* CustomImageRetouchCIFilter.swift in Sources */ = {isa = PBXBuildFile; fileRef = 166F76791DC1CD7A007BD9B7 /* CustomImageRetouchCIFilter.swift */; };
		166F767C1DC1CE5D007BD9B7 /* SepiaToneFilter.swift in Sources */ = {isa = PBXBuildFile; fileRef = 166F767B1DC1CE5D007BD9B7 /* SepiaToneFilter.swift */; };
		166F767E1DC1CE9D007BD9B7 /* GaussianBlurFilter.swift in Sources */ = {isa = PBXBuildFile; fileRef = 166F767D1DC1CE9D007BD9B7 /* GaussianBlurFilter.swift */; };
		166F76901DC1D747007BD9B7 /* CIContext.swift in Sources */ = {isa = PBXBuildFile; fileRef = 166F768F1DC1D747007BD9B7 /* CIContext.swift */; };
/* End PBXBuildFile section */

/* Begin PBXContainerItemProxy section */
		16470A661DC364BC00EF0E77 /* PBXContainerItemProxy */ = {
			isa = PBXContainerItemProxy;
			containerPortal = 16470A611DC364BC00EF0E77 /* Eltaso.xcodeproj */;
			proxyType = 2;
			remoteGlobalIDString = 79E14E821D2B90DA00AF6EE4;
			remoteInfo = Eltaso;
		};
		16470A681DC364BC00EF0E77 /* PBXContainerItemProxy */ = {
			isa = PBXContainerItemProxy;
			containerPortal = 16470A611DC364BC00EF0E77 /* Eltaso.xcodeproj */;
			proxyType = 2;
			remoteGlobalIDString = 79E14E8C1D2B90DA00AF6EE4;
			remoteInfo = EltasoTests;
		};
		166F76141DC1C6DE007BD9B7 /* PBXContainerItemProxy */ = {
			isa = PBXContainerItemProxy;
			containerPortal = 166F76001DC1C6DE007BD9B7 /* Project object */;
			proxyType = 1;
			remoteGlobalIDString = 166F76081DC1C6DE007BD9B7;
			remoteInfo = Usami;
		};
/* End PBXContainerItemProxy section */

/* Begin PBXFileReference section */
		16470A541DC35B8E00EF0E77 /* ColorControlsFilter.swift */ = {isa = PBXFileReference; fileEncoding = 4; lastKnownFileType = sourcecode.swift; path = ColorControlsFilter.swift; sourceTree = "<group>"; };
		16470A611DC364BC00EF0E77 /* Eltaso.xcodeproj */ = {isa = PBXFileReference; lastKnownFileType = "wrapper.pb-project"; name = Eltaso.xcodeproj; path = "/Users/shi_xiangxin/Documents/MAGES./作品/AfiliaCamera/../Eltaso/Eltaso/Eltaso.xcodeproj"; sourceTree = "<absolute>"; };
		16470A6B1DC6EA5400EF0E77 /* MultiplyCompositingFilter.swift */ = {isa = PBXFileReference; fileEncoding = 4; lastKnownFileType = sourcecode.swift; path = MultiplyCompositingFilter.swift; sourceTree = "<group>"; };
		16470A711DC6EEAC00EF0E77 /* MaskedBlurFilter.swift */ = {isa = PBXFileReference; fileEncoding = 4; lastKnownFileType = sourcecode.swift; path = MaskedBlurFilter.swift; sourceTree = "<group>"; };
		16470A751DC6F70700EF0E77 /* CIColor.swift */ = {isa = PBXFileReference; fileEncoding = 4; lastKnownFileType = sourcecode.swift; path = CIColor.swift; sourceTree = "<group>"; };
		166882621DC353EA00C67F0C /* LinearDodgeBlendFilter.swift */ = {isa = PBXFileReference; fileEncoding = 4; lastKnownFileType = sourcecode.swift; path = LinearDodgeBlendFilter.swift; sourceTree = "<group>"; };
		166882681DC3549B00C67F0C /* CIImage.swift */ = {isa = PBXFileReference; fileEncoding = 4; lastKnownFileType = sourcecode.swift; path = CIImage.swift; sourceTree = "<group>"; };
		166F76091DC1C6DE007BD9B7 /* Usami.framework */ = {isa = PBXFileReference; explicitFileType = wrapper.framework; includeInIndex = 0; path = Usami.framework; sourceTree = BUILT_PRODUCTS_DIR; };
		166F760C1DC1C6DE007BD9B7 /* Usami.h */ = {isa = PBXFileReference; lastKnownFileType = sourcecode.c.h; path = Usami.h; sourceTree = "<group>"; };
		166F760D1DC1C6DE007BD9B7 /* Info.plist */ = {isa = PBXFileReference; lastKnownFileType = text.plist.xml; path = Info.plist; sourceTree = "<group>"; };
		166F76121DC1C6DE007BD9B7 /* UsamiTests.xctest */ = {isa = PBXFileReference; explicitFileType = wrapper.cfbundle; includeInIndex = 0; path = UsamiTests.xctest; sourceTree = BUILT_PRODUCTS_DIR; };
		166F76171DC1C6DE007BD9B7 /* UsamiTests.swift */ = {isa = PBXFileReference; lastKnownFileType = sourcecode.swift; path = UsamiTests.swift; sourceTree = "<group>"; };
		166F76191DC1C6DE007BD9B7 /* Info.plist */ = {isa = PBXFileReference; lastKnownFileType = text.plist.xml; path = Info.plist; sourceTree = "<group>"; };
		166F76771DC1CD50007BD9B7 /* CIFilter.swift */ = {isa = PBXFileReference; fileEncoding = 4; lastKnownFileType = sourcecode.swift; path = CIFilter.swift; sourceTree = "<group>"; };
		166F76791DC1CD7A007BD9B7 /* CustomImageRetouchCIFilter.swift */ = {isa = PBXFileReference; fileEncoding = 4; lastKnownFileType = sourcecode.swift; path = CustomImageRetouchCIFilter.swift; sourceTree = "<group>"; };
		166F767B1DC1CE5D007BD9B7 /* SepiaToneFilter.swift */ = {isa = PBXFileReference; fileEncoding = 4; lastKnownFileType = sourcecode.swift; path = SepiaToneFilter.swift; sourceTree = "<group>"; };
		166F767D1DC1CE9D007BD9B7 /* GaussianBlurFilter.swift */ = {isa = PBXFileReference; fileEncoding = 4; lastKnownFileType = sourcecode.swift; path = GaussianBlurFilter.swift; sourceTree = "<group>"; };
		166F768F1DC1D747007BD9B7 /* CIContext.swift */ = {isa = PBXFileReference; fileEncoding = 4; lastKnownFileType = sourcecode.swift; path = CIContext.swift; sourceTree = "<group>"; };
/* End PBXFileReference section */

/* Begin PBXFrameworksBuildPhase section */
		166F76051DC1C6DE007BD9B7 /* Frameworks */ = {
			isa = PBXFrameworksBuildPhase;
			buildActionMask = 2147483647;
			files = (
				16470A6A1DC364C200EF0E77 /* Eltaso.framework in Frameworks */,
			);
			runOnlyForDeploymentPostprocessing = 0;
		};
		166F760F1DC1C6DE007BD9B7 /* Frameworks */ = {
			isa = PBXFrameworksBuildPhase;
			buildActionMask = 2147483647;
			files = (
				166F76131DC1C6DE007BD9B7 /* Usami.framework in Frameworks */,
			);
			runOnlyForDeploymentPostprocessing = 0;
		};
/* End PBXFrameworksBuildPhase section */

/* Begin PBXGroup section */
		16470A621DC364BC00EF0E77 /* Products */ = {
			isa = PBXGroup;
			children = (
				16470A671DC364BC00EF0E77 /* Eltaso.framework */,
				16470A691DC364BC00EF0E77 /* EltasoTests.xctest */,
			);
			name = Products;
			sourceTree = "<group>";
		};
		166F75FF1DC1C6DE007BD9B7 = {
			isa = PBXGroup;
			children = (
				16470A611DC364BC00EF0E77 /* Eltaso.xcodeproj */,
				166F760B1DC1C6DE007BD9B7 /* Usami */,
				166F76161DC1C6DE007BD9B7 /* UsamiTests */,
				166F760A1DC1C6DE007BD9B7 /* Products */,
			);
			sourceTree = "<group>";
		};
		166F760A1DC1C6DE007BD9B7 /* Products */ = {
			isa = PBXGroup;
			children = (
				166F76091DC1C6DE007BD9B7 /* Usami.framework */,
				166F76121DC1C6DE007BD9B7 /* UsamiTests.xctest */,
			);
			name = Products;
			sourceTree = "<group>";
		};
		166F760B1DC1C6DE007BD9B7 /* Usami */ = {
			isa = PBXGroup;
			children = (
				166F760C1DC1C6DE007BD9B7 /* Usami.h */,
				166F760D1DC1C6DE007BD9B7 /* Info.plist */,
				166882681DC3549B00C67F0C /* CIImage.swift */,
				16470A751DC6F70700EF0E77 /* CIColor.swift */,
				166F76771DC1CD50007BD9B7 /* CIFilter.swift */,
				166F768F1DC1D747007BD9B7 /* CIContext.swift */,
				166F76791DC1CD7A007BD9B7 /* CustomImageRetouchCIFilter.swift */,
				16470A541DC35B8E00EF0E77 /* ColorControlsFilter.swift */,
				16470A6B1DC6EA5400EF0E77 /* MultiplyCompositingFilter.swift */,
				166882621DC353EA00C67F0C /* LinearDodgeBlendFilter.swift */,
				166F767B1DC1CE5D007BD9B7 /* SepiaToneFilter.swift */,
				166F767D1DC1CE9D007BD9B7 /* GaussianBlurFilter.swift */,
				16470A711DC6EEAC00EF0E77 /* MaskedBlurFilter.swift */,
			);
			path = Usami;
			sourceTree = "<group>";
		};
		166F76161DC1C6DE007BD9B7 /* UsamiTests */ = {
			isa = PBXGroup;
			children = (
				166F76171DC1C6DE007BD9B7 /* UsamiTests.swift */,
				166F76191DC1C6DE007BD9B7 /* Info.plist */,
			);
			path = UsamiTests;
			sourceTree = "<group>";
		};
/* End PBXGroup section */

/* Begin PBXHeadersBuildPhase section */
		166F76061DC1C6DE007BD9B7 /* Headers */ = {
			isa = PBXHeadersBuildPhase;
			buildActionMask = 2147483647;
			files = (
				166F761A1DC1C6DE007BD9B7 /* Usami.h in Headers */,
			);
			runOnlyForDeploymentPostprocessing = 0;
		};
/* End PBXHeadersBuildPhase section */

/* Begin PBXNativeTarget section */
		166F76081DC1C6DE007BD9B7 /* Usami */ = {
			isa = PBXNativeTarget;
			buildConfigurationList = 166F761D1DC1C6DE007BD9B7 /* Build configuration list for PBXNativeTarget "Usami" */;
			buildPhases = (
				166F76041DC1C6DE007BD9B7 /* Sources */,
				166F76051DC1C6DE007BD9B7 /* Frameworks */,
				166F76061DC1C6DE007BD9B7 /* Headers */,
				166F76071DC1C6DE007BD9B7 /* Resources */,
			);
			buildRules = (
			);
			dependencies = (
			);
			name = Usami;
			productName = Usami;
			productReference = 166F76091DC1C6DE007BD9B7 /* Usami.framework */;
			productType = "com.apple.product-type.framework";
		};
		166F76111DC1C6DE007BD9B7 /* UsamiTests */ = {
			isa = PBXNativeTarget;
			buildConfigurationList = 166F76201DC1C6DE007BD9B7 /* Build configuration list for PBXNativeTarget "UsamiTests" */;
			buildPhases = (
				166F760E1DC1C6DE007BD9B7 /* Sources */,
				166F760F1DC1C6DE007BD9B7 /* Frameworks */,
				166F76101DC1C6DE007BD9B7 /* Resources */,
			);
			buildRules = (
			);
			dependencies = (
				166F76151DC1C6DE007BD9B7 /* PBXTargetDependency */,
			);
			name = UsamiTests;
			productName = UsamiTests;
			productReference = 166F76121DC1C6DE007BD9B7 /* UsamiTests.xctest */;
			productType = "com.apple.product-type.bundle.unit-test";
		};
/* End PBXNativeTarget section */

/* Begin PBXProject section */
		166F76001DC1C6DE007BD9B7 /* Project object */ = {
			isa = PBXProject;
			attributes = {
				LastSwiftUpdateCheck = 0810;
				LastUpgradeCheck = 0810;
				ORGANIZATIONNAME = net.crazism;
				TargetAttributes = {
					166F76081DC1C6DE007BD9B7 = {
						CreatedOnToolsVersion = 8.1;
						DevelopmentTeam = KC8N9BMQJY;
						LastSwiftMigration = 0810;
						ProvisioningStyle = Automatic;
					};
					166F76111DC1C6DE007BD9B7 = {
						CreatedOnToolsVersion = 8.1;
						DevelopmentTeam = KC8N9BMQJY;
						ProvisioningStyle = Automatic;
					};
				};
			};
			buildConfigurationList = 166F76031DC1C6DE007BD9B7 /* Build configuration list for PBXProject "Usami" */;
			compatibilityVersion = "Xcode 3.2";
			developmentRegion = English;
			hasScannedForEncodings = 0;
			knownRegions = (
				en,
			);
			mainGroup = 166F75FF1DC1C6DE007BD9B7;
			productRefGroup = 166F760A1DC1C6DE007BD9B7 /* Products */;
			projectDirPath = "";
			projectReferences = (
				{
					ProductGroup = 16470A621DC364BC00EF0E77 /* Products */;
					ProjectRef = 16470A611DC364BC00EF0E77 /* Eltaso.xcodeproj */;
				},
			);
			projectRoot = "";
			targets = (
				166F76081DC1C6DE007BD9B7 /* Usami */,
				166F76111DC1C6DE007BD9B7 /* UsamiTests */,
			);
		};
/* End PBXProject section */

/* Begin PBXReferenceProxy section */
		16470A671DC364BC00EF0E77 /* Eltaso.framework */ = {
			isa = PBXReferenceProxy;
			fileType = wrapper.framework;
			path = Eltaso.framework;
			remoteRef = 16470A661DC364BC00EF0E77 /* PBXContainerItemProxy */;
			sourceTree = BUILT_PRODUCTS_DIR;
		};
		16470A691DC364BC00EF0E77 /* EltasoTests.xctest */ = {
			isa = PBXReferenceProxy;
			fileType = wrapper.cfbundle;
			path = EltasoTests.xctest;
			remoteRef = 16470A681DC364BC00EF0E77 /* PBXContainerItemProxy */;
			sourceTree = BUILT_PRODUCTS_DIR;
		};
/* End PBXReferenceProxy section */

/* Begin PBXResourcesBuildPhase section */
		166F76071DC1C6DE007BD9B7 /* Resources */ = {
			isa = PBXResourcesBuildPhase;
			buildActionMask = 2147483647;
			files = (
			);
			runOnlyForDeploymentPostprocessing = 0;
		};
		166F76101DC1C6DE007BD9B7 /* Resources */ = {
			isa = PBXResourcesBuildPhase;
			buildActionMask = 2147483647;
			files = (
			);
			runOnlyForDeploymentPostprocessing = 0;
		};
/* End PBXResourcesBuildPhase section */

/* Begin PBXSourcesBuildPhase section */
		166F76041DC1C6DE007BD9B7 /* Sources */ = {
			isa = PBXSourcesBuildPhase;
			buildActionMask = 2147483647;
			files = (
				166882631DC353EA00C67F0C /* LinearDodgeBlendFilter.swift in Sources */,
				166F76901DC1D747007BD9B7 /* CIContext.swift in Sources */,
				166F767A1DC1CD7A007BD9B7 /* CustomImageRetouchCIFilter.swift in Sources */,
				16470A721DC6EEAC00EF0E77 /* MaskedBlurFilter.swift in Sources */,
				166F767E1DC1CE9D007BD9B7 /* GaussianBlurFilter.swift in Sources */,
				166F767C1DC1CE5D007BD9B7 /* SepiaToneFilter.swift in Sources */,
				16470A761DC6F70700EF0E77 /* CIColor.swift in Sources */,
				16470A551DC35B8E00EF0E77 /* ColorControlsFilter.swift in Sources */,
				166882691DC3549B00C67F0C /* CIImage.swift in Sources */,
				166F76781DC1CD50007BD9B7 /* CIFilter.swift in Sources */,
				16470A6C1DC6EA5400EF0E77 /* MultiplyCompositingFilter.swift in Sources */,
			);
			runOnlyForDeploymentPostprocessing = 0;
		};
		166F760E1DC1C6DE007BD9B7 /* Sources */ = {
			isa = PBXSourcesBuildPhase;
			buildActionMask = 2147483647;
			files = (
				166F76181DC1C6DE007BD9B7 /* UsamiTests.swift in Sources */,
			);
			runOnlyForDeploymentPostprocessing = 0;
		};
/* End PBXSourcesBuildPhase section */

/* Begin PBXTargetDependency section */
		166F76151DC1C6DE007BD9B7 /* PBXTargetDependency */ = {
			isa = PBXTargetDependency;
			target = 166F76081DC1C6DE007BD9B7 /* Usami */;
			targetProxy = 166F76141DC1C6DE007BD9B7 /* PBXContainerItemProxy */;
		};
/* End PBXTargetDependency section */

/* Begin XCBuildConfiguration section */
		166F761B1DC1C6DE007BD9B7 /* Debug */ = {
			isa = XCBuildConfiguration;
			buildSettings = {
				ALWAYS_SEARCH_USER_PATHS = NO;
				CLANG_ANALYZER_NONNULL = YES;
				CLANG_CXX_LANGUAGE_STANDARD = "gnu++0x";
				CLANG_CXX_LIBRARY = "libc++";
				CLANG_ENABLE_MODULES = YES;
				CLANG_ENABLE_OBJC_ARC = YES;
				CLANG_WARN_BOOL_CONVERSION = YES;
				CLANG_WARN_CONSTANT_CONVERSION = YES;
				CLANG_WARN_DIRECT_OBJC_ISA_USAGE = YES_ERROR;
				CLANG_WARN_DOCUMENTATION_COMMENTS = YES;
				CLANG_WARN_EMPTY_BODY = YES;
				CLANG_WARN_ENUM_CONVERSION = YES;
				CLANG_WARN_INFINITE_RECURSION = YES;
				CLANG_WARN_INT_CONVERSION = YES;
				CLANG_WARN_OBJC_ROOT_CLASS = YES_ERROR;
				CLANG_WARN_SUSPICIOUS_MOVES = YES;
				CLANG_WARN_UNREACHABLE_CODE = YES;
				CLANG_WARN__DUPLICATE_METHOD_MATCH = YES;
				"CODE_SIGN_IDENTITY[sdk=iphoneos*]" = "iPhone Developer";
				COPY_PHASE_STRIP = NO;
				CURRENT_PROJECT_VERSION = 1;
				DEBUG_INFORMATION_FORMAT = dwarf;
				ENABLE_STRICT_OBJC_MSGSEND = YES;
				ENABLE_TESTABILITY = YES;
				GCC_C_LANGUAGE_STANDARD = gnu99;
				GCC_DYNAMIC_NO_PIC = NO;
				GCC_NO_COMMON_BLOCKS = YES;
				GCC_OPTIMIZATION_LEVEL = 0;
				GCC_PREPROCESSOR_DEFINITIONS = (
					"DEBUG=1",
					"$(inherited)",
				);
				GCC_WARN_64_TO_32_BIT_CONVERSION = YES;
				GCC_WARN_ABOUT_RETURN_TYPE = YES_ERROR;
				GCC_WARN_UNDECLARED_SELECTOR = YES;
				GCC_WARN_UNINITIALIZED_AUTOS = YES_AGGRESSIVE;
				GCC_WARN_UNUSED_FUNCTION = YES;
				GCC_WARN_UNUSED_VARIABLE = YES;
				IPHONEOS_DEPLOYMENT_TARGET = 10.1;
				MTL_ENABLE_DEBUG_INFO = YES;
				ONLY_ACTIVE_ARCH = YES;
				SDKROOT = iphoneos;
				SWIFT_ACTIVE_COMPILATION_CONDITIONS = DEBUG;
				SWIFT_OPTIMIZATION_LEVEL = "-Onone";
				TARGETED_DEVICE_FAMILY = "1,2";
				VERSIONING_SYSTEM = "apple-generic";
				VERSION_INFO_PREFIX = "";
			};
			name = Debug;
		};
		166F761C1DC1C6DE007BD9B7 /* Release */ = {
			isa = XCBuildConfiguration;
			buildSettings = {
				ALWAYS_SEARCH_USER_PATHS = NO;
				CLANG_ANALYZER_NONNULL = YES;
				CLANG_CXX_LANGUAGE_STANDARD = "gnu++0x";
				CLANG_CXX_LIBRARY = "libc++";
				CLANG_ENABLE_MODULES = YES;
				CLANG_ENABLE_OBJC_ARC = YES;
				CLANG_WARN_BOOL_CONVERSION = YES;
				CLANG_WARN_CONSTANT_CONVERSION = YES;
				CLANG_WARN_DIRECT_OBJC_ISA_USAGE = YES_ERROR;
				CLANG_WARN_DOCUMENTATION_COMMENTS = YES;
				CLANG_WARN_EMPTY_BODY = YES;
				CLANG_WARN_ENUM_CONVERSION = YES;
				CLANG_WARN_INFINITE_RECURSION = YES;
				CLANG_WARN_INT_CONVERSION = YES;
				CLANG_WARN_OBJC_ROOT_CLASS = YES_ERROR;
				CLANG_WARN_SUSPICIOUS_MOVES = YES;
				CLANG_WARN_UNREACHABLE_CODE = YES;
				CLANG_WARN__DUPLICATE_METHOD_MATCH = YES;
				"CODE_SIGN_IDENTITY[sdk=iphoneos*]" = "iPhone Developer";
				COPY_PHASE_STRIP = NO;
				CURRENT_PROJECT_VERSION = 1;
				DEBUG_INFORMATION_FORMAT = "dwarf-with-dsym";
				ENABLE_NS_ASSERTIONS = NO;
				ENABLE_STRICT_OBJC_MSGSEND = YES;
				GCC_C_LANGUAGE_STANDARD = gnu99;
				GCC_NO_COMMON_BLOCKS = YES;
				GCC_WARN_64_TO_32_BIT_CONVERSION = YES;
				GCC_WARN_ABOUT_RETURN_TYPE = YES_ERROR;
				GCC_WARN_UNDECLARED_SELECTOR = YES;
				GCC_WARN_UNINITIALIZED_AUTOS = YES_AGGRESSIVE;
				GCC_WARN_UNUSED_FUNCTION = YES;
				GCC_WARN_UNUSED_VARIABLE = YES;
				IPHONEOS_DEPLOYMENT_TARGET = 10.1;
				MTL_ENABLE_DEBUG_INFO = NO;
				SDKROOT = iphoneos;
				SWIFT_OPTIMIZATION_LEVEL = "-Owholemodule";
				TARGETED_DEVICE_FAMILY = "1,2";
				VALIDATE_PRODUCT = YES;
				VERSIONING_SYSTEM = "apple-generic";
				VERSION_INFO_PREFIX = "";
			};
			name = Release;
		};
		166F761E1DC1C6DE007BD9B7 /* Debug */ = {
			isa = XCBuildConfiguration;
			buildSettings = {
				CLANG_ENABLE_MODULES = YES;
				CODE_SIGN_IDENTITY = "";
				DEFINES_MODULE = YES;
				DEVELOPMENT_TEAM = KC8N9BMQJY;
				DYLIB_COMPATIBILITY_VERSION = 1;
				DYLIB_CURRENT_VERSION = 1;
				DYLIB_INSTALL_NAME_BASE = "@rpath";
				INFOPLIST_FILE = Usami/Info.plist;
				INSTALL_PATH = "$(LOCAL_LIBRARY_DIR)/Frameworks";
				IPHONEOS_DEPLOYMENT_TARGET = 8.0;
				LD_RUNPATH_SEARCH_PATHS = "$(inherited) @executable_path/Frameworks @loader_path/Frameworks";
				PRODUCT_BUNDLE_IDENTIFIER = net.crazism.Usami;
				PRODUCT_NAME = "$(TARGET_NAME)";
				SKIP_INSTALL = YES;
				SWIFT_OPTIMIZATION_LEVEL = "-Onone";
				SWIFT_VERSION = 3.0;
			};
			name = Debug;
		};
		166F761F1DC1C6DE007BD9B7 /* Release */ = {
			isa = XCBuildConfiguration;
			buildSettings = {
				CLANG_ENABLE_MODULES = YES;
				CODE_SIGN_IDENTITY = "";
				DEFINES_MODULE = YES;
				DEVELOPMENT_TEAM = KC8N9BMQJY;
				DYLIB_COMPATIBILITY_VERSION = 1;
				DYLIB_CURRENT_VERSION = 1;
				DYLIB_INSTALL_NAME_BASE = "@rpath";
				INFOPLIST_FILE = Usami/Info.plist;
				INSTALL_PATH = "$(LOCAL_LIBRARY_DIR)/Frameworks";
				IPHONEOS_DEPLOYMENT_TARGET = 8.0;
				LD_RUNPATH_SEARCH_PATHS = "$(inherited) @executable_path/Frameworks @loader_path/Frameworks";
				PRODUCT_BUNDLE_IDENTIFIER = net.crazism.Usami;
				PRODUCT_NAME = "$(TARGET_NAME)";
				SKIP_INSTALL = YES;
				SWIFT_VERSION = 3.0;
			};
			name = Release;
		};
		166F76211DC1C6DE007BD9B7 /* Debug */ = {
			isa = XCBuildConfiguration;
			buildSettings = {
				ALWAYS_EMBED_SWIFT_STANDARD_LIBRARIES = YES;
				DEVELOPMENT_TEAM = KC8N9BMQJY;
				INFOPLIST_FILE = UsamiTests/Info.plist;
				LD_RUNPATH_SEARCH_PATHS = "$(inherited) @executable_path/Frameworks @loader_path/Frameworks";
				PRODUCT_BUNDLE_IDENTIFIER = net.crazism.UsamiTests;
				PRODUCT_NAME = "$(TARGET_NAME)";
				SWIFT_VERSION = 3.0;
			};
			name = Debug;
		};
		166F76221DC1C6DE007BD9B7 /* Release */ = {
			isa = XCBuildConfiguration;
			buildSettings = {
				ALWAYS_EMBED_SWIFT_STANDARD_LIBRARIES = YES;
				DEVELOPMENT_TEAM = KC8N9BMQJY;
				INFOPLIST_FILE = UsamiTests/Info.plist;
				LD_RUNPATH_SEARCH_PATHS = "$(inherited) @executable_path/Frameworks @loader_path/Frameworks";
				PRODUCT_BUNDLE_IDENTIFIER = net.crazism.UsamiTests;
				PRODUCT_NAME = "$(TARGET_NAME)";
				SWIFT_VERSION = 3.0;
			};
			name = Release;
		};
/* End XCBuildConfiguration section */

/* Begin XCConfigurationList section */
		166F76031DC1C6DE007BD9B7 /* Build configuration list for PBXProject "Usami" */ = {
			isa = XCConfigurationList;
			buildConfigurations = (
				166F761B1DC1C6DE007BD9B7 /* Debug */,
				166F761C1DC1C6DE007BD9B7 /* Release */,
			);
			defaultConfigurationIsVisible = 0;
			defaultConfigurationName = Release;
		};
		166F761D1DC1C6DE007BD9B7 /* Build configuration list for PBXNativeTarget "Usami" */ = {
			isa = XCConfigurationList;
			buildConfigurations = (
				166F761E1DC1C6DE007BD9B7 /* Debug */,
				166F761F1DC1C6DE007BD9B7 /* Release */,
			);
			defaultConfigurationIsVisible = 0;
			defaultConfigurationName = Release;
		};
		166F76201DC1C6DE007BD9B7 /* Build configuration list for PBXNativeTarget "UsamiTests" */ = {
			isa = XCConfigurationList;
			buildConfigurations = (
				166F76211DC1C6DE007BD9B7 /* Debug */,
				166F76221DC1C6DE007BD9B7 /* Release */,
			);
			defaultConfigurationIsVisible = 0;
			defaultConfigurationName = Release;
		};
/* End XCConfigurationList section */
	};
	rootObject = 166F76001DC1C6DE007BD9B7 /* Project object */;
}
